{
  "requires": true,
  "lockfileVersion": 1,
  "dependencies": {
    "ng-table-virtual-scroll": {
      "version": "1.3.4",
      "resolved": "https://registry.npmjs.org/ng-table-virtual-scroll/-/ng-table-virtual-scroll-1.3.4.tgz",
      "integrity": "sha512-bOB/3FX0w3AYsRu5iyYl0Kp0GfW0Cwa5G6AkC7xR4tMq3V22JRld1HB+bYhutzw28WFJgSxaQ5EMDit0YVDAAQ==",
      "requires": {
        "tslib": "^1.10.0"
      }
    },
    "tslib": {
      "version": "1.14.1",
      "resolved": "https://registry.npmjs.org/tslib/-/tslib-1.14.1.tgz",
      "integrity": "sha512-Xni35NKzjgMrwevysHTCArtLDpPvye8zV/0E4EyYn43P7/7qvQwPh9BGkHewbMulVntbigmcT7rdX3BNo9wRJg=="
    }
  }
}
