{
  "requires": true,
  "lockfileVersion": 1,
  "dependencies": {
    "@swimlane/ngx-datatable": {
      "version": "19.0.0",
      "resolved": "https://registry.npmjs.org/@swimlane/ngx-datatable/-/ngx-datatable-19.0.0.tgz",
      "integrity": "sha512-S8eknIQeZtr5aPZgBUItHmt+aQwrI32Hm3jvrxqJXK9J43oDzhIKT2qR1rre3s0XlBn6Zl8LAbmlKotQ5nnxnQ==",
      "requires": {
        "tslib": "^2.0.0"
      }
    },
    "@types/node": {
      "version": "14.14.27",
      "resolved": "https://registry.npmjs.org/@types/node/-/node-14.14.27.tgz",
      "integrity": "sha512-Ecfmo4YDQPwuqTCl1yBxLV5ihKfRlkBmzUEDcfIRvDxOTGQEeikr317Ln7Gcv0tjA8dVgKI3rniqW2G1OyKDng==",
      "dev": true
    },
    "tslib": {
      "version": "2.1.0",
      "resolved": "https://registry.npmjs.org/tslib/-/tslib-2.1.0.tgz",
      "integrity": "sha512-hcVC3wYEziELGGmEEXue7D75zbwIIVUMWAVbHItGPx0ziyXxrOMQx4rQEVEV45Ut/1IotuEvwqPopzIOkDMf0A=="
    }
  }
}
